
Microsoft Visual Studio Solution File, Format Version 12.00
# Visual Studio Version 17
VisualStudioVersion = 17.5.33209.295
MinimumVisualStudioVersion = 10.0.40219.1
Project("{FAE04EC0-301F-11D3-BF4B-00C04F79EFBC}") = "Core", "Libraries\Core\Core.csproj", "{64FDE1DF-F621-496F-9FF5-93A3C5368E4F}"
EndProject
Project("{2150E333-8FDC-42A3-9474-1A3956D46DE8}") = "Libraries", "Libraries", "{23890823-3A64-4A5F-A0E6-F9219EB1D711}"
EndProject
Project("{FAE04EC0-301F-11D3-BF4B-00C04F79EFBC}") = "DataAccess", "Libraries\DataAccess\DataAccess.csproj", "{9672C7B6-538A-473A-9A97-8641E8951F76}"
EndProject
Project("{FAE04EC0-301F-11D3-BF4B-00C04F79EFBC}") = "Entities", "Libraries\Entities\Entities.csproj", "{95F3A06E-90EE-45A2-A83D-CED0305A8F93}"
EndProject
Project("{FAE04EC0-301F-11D3-BF4B-00C04F79EFBC}") = "Business", "Libraries\Business\Business.csproj", "{4B6E9036-908F-4B0A-9906-B248CAAE0D0C}"
EndProject
Project("{2150E333-8FDC-42A3-9474-1A3956D46DE8}") = "Services", "Services", "{DE8C5CB1-3284-4996-A919-0626D9848809}"
EndProject
Project("{2150E333-8FDC-42A3-9474-1A3956D46DE8}") = "DevOps", "DevOps", "{7E5E3449-103B-4D2C-ADA0-3CF3E3A10A5B}"
EndProject
Project("{FAE04EC0-301F-11D3-BF4B-00C04F79EFBC}") = "IdentityAPI", "Services\IdentityAPI\IdentityAPI.csproj", "{97B98FCC-8075-4295-9632-6DDE78946358}"
EndProject
Project("{2150E333-8FDC-42A3-9474-1A3956D46DE8}") = "Docker", "Docker", "{BD85CC42-9D0A-4290-BF41-4197F1DC2C8F}"
EndProject
Project("{E53339B2-1760-4266-BCC7-CA923CBCF16C}") = "docker-compose", "DevOps\Docker\docker-compose.dcproj", "{5682556D-122C-4C1B-8AE7-3DE7A459679B}"
EndProject
Project("{2150E333-8FDC-42A3-9474-1A3956D46DE8}") = "Git", "Git", "{7078F98F-2E19-414E-B186-F671CCAB9EE7}"
	ProjectSection(SolutionItems) = preProject
		LICENCE = LICENCE
		README.md = README.md
	EndProjectSection
EndProject
Global
	GlobalSection(SolutionConfigurationPlatforms) = preSolution
		Debug|Any CPU = Debug|Any CPU
		Release|Any CPU = Release|Any CPU
	EndGlobalSection
	GlobalSection(ProjectConfigurationPlatforms) = postSolution
		{64FDE1DF-F621-496F-9FF5-93A3C5368E4F}.Debug|Any CPU.ActiveCfg = Debug|Any CPU
		{64FDE1DF-F621-496F-9FF5-93A3C5368E4F}.Debug|Any CPU.Build.0 = Debug|Any CPU
		{64FDE1DF-F621-496F-9FF5-93A3C5368E4F}.Release|Any CPU.ActiveCfg = Release|Any CPU
		{64FDE1DF-F621-496F-9FF5-93A3C5368E4F}.Release|Any CPU.Build.0 = Release|Any CPU
		{9672C7B6-538A-473A-9A97-8641E8951F76}.Debug|Any CPU.ActiveCfg = Debug|Any CPU
		{9672C7B6-538A-473A-9A97-8641E8951F76}.Debug|Any CPU.Build.0 = Debug|Any CPU
		{9672C7B6-538A-473A-9A97-8641E8951F76}.Release|Any CPU.ActiveCfg = Release|Any CPU
		{9672C7B6-538A-473A-9A97-8641E8951F76}.Release|Any CPU.Build.0 = Release|Any CPU
		{95F3A06E-90EE-45A2-A83D-CED0305A8F93}.Debug|Any CPU.ActiveCfg = Debug|Any CPU
		{95F3A06E-90EE-45A2-A83D-CED0305A8F93}.Debug|Any CPU.Build.0 = Debug|Any CPU
		{95F3A06E-90EE-45A2-A83D-CED0305A8F93}.Release|Any CPU.ActiveCfg = Release|Any CPU
		{95F3A06E-90EE-45A2-A83D-CED0305A8F93}.Release|Any CPU.Build.0 = Release|Any CPU
		{4B6E9036-908F-4B0A-9906-B248CAAE0D0C}.Debug|Any CPU.ActiveCfg = Debug|Any CPU
		{4B6E9036-908F-4B0A-9906-B248CAAE0D0C}.Debug|Any CPU.Build.0 = Debug|Any CPU
		{4B6E9036-908F-4B0A-9906-B248CAAE0D0C}.Release|Any CPU.ActiveCfg = Release|Any CPU
		{4B6E9036-908F-4B0A-9906-B248CAAE0D0C}.Release|Any CPU.Build.0 = Release|Any CPU
		{97B98FCC-8075-4295-9632-6DDE78946358}.Debug|Any CPU.ActiveCfg = Debug|Any CPU
		{97B98FCC-8075-4295-9632-6DDE78946358}.Debug|Any CPU.Build.0 = Debug|Any CPU
		{97B98FCC-8075-4295-9632-6DDE78946358}.Release|Any CPU.ActiveCfg = Release|Any CPU
		{97B98FCC-8075-4295-9632-6DDE78946358}.Release|Any CPU.Build.0 = Release|Any CPU
		{5682556D-122C-4C1B-8AE7-3DE7A459679B}.Debug|Any CPU.ActiveCfg = Debug|Any CPU
		{5682556D-122C-4C1B-8AE7-3DE7A459679B}.Debug|Any CPU.Build.0 = Debug|Any CPU
		{5682556D-122C-4C1B-8AE7-3DE7A459679B}.Release|Any CPU.ActiveCfg = Release|Any CPU
		{5682556D-122C-4C1B-8AE7-3DE7A459679B}.Release|Any CPU.Build.0 = Release|Any CPU
	EndGlobalSection
	GlobalSection(SolutionProperties) = preSolution
		HideSolutionNode = FALSE
	EndGlobalSection
	GlobalSection(NestedProjects) = preSolution
		{64FDE1DF-F621-496F-9FF5-93A3C5368E4F} = {23890823-3A64-4A5F-A0E6-F9219EB1D711}
		{9672C7B6-538A-473A-9A97-8641E8951F76} = {23890823-3A64-4A5F-A0E6-F9219EB1D711}
		{95F3A06E-90EE-45A2-A83D-CED0305A8F93} = {23890823-3A64-4A5F-A0E6-F9219EB1D711}
		{4B6E9036-908F-4B0A-9906-B248CAAE0D0C} = {23890823-3A64-4A5F-A0E6-F9219EB1D711}
		{97B98FCC-8075-4295-9632-6DDE78946358} = {DE8C5CB1-3284-4996-A919-0626D9848809}
		{BD85CC42-9D0A-4290-BF41-4197F1DC2C8F} = {7E5E3449-103B-4D2C-ADA0-3CF3E3A10A5B}
		{5682556D-122C-4C1B-8AE7-3DE7A459679B} = {BD85CC42-9D0A-4290-BF41-4197F1DC2C8F}
	EndGlobalSection
	GlobalSection(ExtensibilityGlobals) = postSolution
		SolutionGuid = {57CCBFC1-7517-405F-B871-4916B8C1CC0F}
	EndGlobalSection
EndGlobal
